// !$*UTF8*$!
{
	archiveVersion = 1;
	classes = {
	};
	objectVersion = 56;
	objects = {

/* Begin PBXBuildFile section */
		7B1B1CB029E6825B0035B442 /* AppDelegate.swift in Sources */ = {isa = PBXBuildFile; fileRef = 7B1B1CAF29E6825B0035B442 /* AppDelegate.swift */; };
		7B1B1CB229E6825B0035B442 /* SceneDelegate.swift in Sources */ = {isa = PBXBuildFile; fileRef = 7B1B1CB129E6825B0035B442 /* SceneDelegate.swift */; };
		7B1B1CB429E6825B0035B442 /* LoginViewController.swift in Sources */ = {isa = PBXBuildFile; fileRef = 7B1B1CB329E6825B0035B442 /* LoginViewController.swift */; };
		7B1B1CB729E6825B0035B442 /* Main.storyboard in Resources */ = {isa = PBXBuildFile; fileRef = 7B1B1CB529E6825B0035B442 /* Main.storyboard */; };
		7B1B1CB929E6825D0035B442 /* Assets.xcassets in Resources */ = {isa = PBXBuildFile; fileRef = 7B1B1CB829E6825D0035B442 /* Assets.xcassets */; };
		7B1B1CBC29E6825D0035B442 /* LaunchScreen.storyboard in Resources */ = {isa = PBXBuildFile; fileRef = 7B1B1CBA29E6825D0035B442 /* LaunchScreen.storyboard */; };
		7B44181129E686A600A88CAB /* Model.swift in Sources */ = {isa = PBXBuildFile; fileRef = 7B44181029E686A600A88CAB /* Model.swift */; };
		7B44181529E6892500A88CAB /* ProfileViewController.swift in Sources */ = {isa = PBXBuildFile; fileRef = 7B44181429E6892500A88CAB /* ProfileViewController.swift */; };
		FE67DBF84C0786DFB22C9F35 /* Pods_Travel.framework in Frameworks */ = {isa = PBXBuildFile; fileRef = 2E70F0797BC77713BD7D5360 /* Pods_Travel.framework */; };
/* End PBXBuildFile section */

/* Begin PBXFileReference section */
		2E70F0797BC77713BD7D5360 /* Pods_Travel.framework */ = {isa = PBXFileReference; explicitFileType = wrapper.framework; includeInIndex = 0; path = Pods_Travel.framework; sourceTree = BUILT_PRODUCTS_DIR; };
		7B1B1CAC29E6825B0035B442 /* Travel.app */ = {isa = PBXFileReference; explicitFileType = wrapper.application; includeInIndex = 0; path = Travel.app; sourceTree = BUILT_PRODUCTS_DIR; };
		7B1B1CAF29E6825B0035B442 /* AppDelegate.swift */ = {isa = PBXFileReference; lastKnownFileType = sourcecode.swift; path = AppDelegate.swift; sourceTree = "<group>"; };
		7B1B1CB129E6825B0035B442 /* SceneDelegate.swift */ = {isa = PBXFileReference; lastKnownFileType = sourcecode.swift; path = SceneDelegate.swift; sourceTree = "<group>"; };
		7B1B1CB329E6825B0035B442 /* LoginViewController.swift */ = {isa = PBXFileReference; lastKnownFileType = sourcecode.swift; path = LoginViewController.swift; sourceTree = "<group>"; };
		7B1B1CB629E6825B0035B442 /* Base */ = {isa = PBXFileReference; lastKnownFileType = file.storyboard; name = Base; path = Base.lproj/Main.storyboard; sourceTree = "<group>"; };
		7B1B1CB829E6825D0035B442 /* Assets.xcassets */ = {isa = PBXFileReference; lastKnownFileType = folder.assetcatalog; path = Assets.xcassets; sourceTree = "<group>"; };
		7B1B1CBB29E6825D0035B442 /* Base */ = {isa = PBXFileReference; lastKnownFileType = file.storyboard; name = Base; path = Base.lproj/LaunchScreen.storyboard; sourceTree = "<group>"; };
		7B1B1CBD29E6825D0035B442 /* Info.plist */ = {isa = PBXFileReference; lastKnownFileType = text.plist.xml; path = Info.plist; sourceTree = "<group>"; };
		7B44181029E686A600A88CAB /* Model.swift */ = {isa = PBXFileReference; lastKnownFileType = sourcecode.swift; path = Model.swift; sourceTree = "<group>"; };
		7B44181429E6892500A88CAB /* ProfileViewController.swift */ = {isa = PBXFileReference; lastKnownFileType = sourcecode.swift; path = ProfileViewController.swift; sourceTree = "<group>"; };
		C24F04C3408939DBB167C48B /* Pods-Travel.release.xcconfig */ = {isa = PBXFileReference; includeInIndex = 1; lastKnownFileType = text.xcconfig; name = "Pods-Travel.release.xcconfig"; path = "Target Support Files/Pods-Travel/Pods-Travel.release.xcconfig"; sourceTree = "<group>"; };
		E911BEF52C2B2A2B9DCEF75C /* Pods-Travel.debug.xcconfig */ = {isa = PBXFileReference; includeInIndex = 1; lastKnownFileType = text.xcconfig; name = "Pods-Travel.debug.xcconfig"; path = "Target Support Files/Pods-Travel/Pods-Travel.debug.xcconfig"; sourceTree = "<group>"; };
/* End PBXFileReference section */

/* Begin PBXFrameworksBuildPhase section */
		7B1B1CA929E6825B0035B442 /* Frameworks */ = {
			isa = PBXFrameworksBuildPhase;
			buildActionMask = 2147483647;
			files = (
				FE67DBF84C0786DFB22C9F35 /* Pods_Travel.framework in Frameworks */,
			);
			runOnlyForDeploymentPostprocessing = 0;
		};
/* End PBXFrameworksBuildPhase section */

/* Begin PBXGroup section */
		549B834D622CC76EF2E22D6C /* Pods */ = {
			isa = PBXGroup;
			children = (
				E911BEF52C2B2A2B9DCEF75C /* Pods-Travel.debug.xcconfig */,
				C24F04C3408939DBB167C48B /* Pods-Travel.release.xcconfig */,
			);
			path = Pods;
			sourceTree = "<group>";
		};
		7B1B1CA329E6825B0035B442 = {
			isa = PBXGroup;
			children = (
				7B1B1CAE29E6825B0035B442 /* Travel */,
				7B1B1CAD29E6825B0035B442 /* Products */,
				549B834D622CC76EF2E22D6C /* Pods */,
				E79FC9AB2E210333863448C5 /* Frameworks */,
			);
			sourceTree = "<group>";
		};
		7B1B1CAD29E6825B0035B442 /* Products */ = {
			isa = PBXGroup;
			children = (
				7B1B1CAC29E6825B0035B442 /* Travel.app */,
			);
			name = Products;
			sourceTree = "<group>";
		};
		7B1B1CAE29E6825B0035B442 /* Travel */ = {
			isa = PBXGroup;
			children = (
				7B1B1CAF29E6825B0035B442 /* AppDelegate.swift */,
				7B1B1CB129E6825B0035B442 /* SceneDelegate.swift */,
				7B44181729E6909C00A88CAB /* View */,
				7B44181629E6908700A88CAB /* ViewController */,
				7B44181829E690A100A88CAB /* Model */,
				7B1B1CB829E6825D0035B442 /* Assets.xcassets */,
				7B1B1CBA29E6825D0035B442 /* LaunchScreen.storyboard */,
				7B1B1CBD29E6825D0035B442 /* Info.plist */,
			);
			path = Travel;
			sourceTree = "<group>";
		};
		7B44181629E6908700A88CAB /* ViewController */ = {
			isa = PBXGroup;
			children = (
				7B1B1CB329E6825B0035B442 /* LoginViewController.swift */,
				7B44181429E6892500A88CAB /* ProfileViewController.swift */,
			);
			path = ViewController;
			sourceTree = "<group>";
		};
		7B44181729E6909C00A88CAB /* View */ = {
			isa = PBXGroup;
			children = (
				7B1B1CB529E6825B0035B442 /* Main.storyboard */,
			);
			path = View;
			sourceTree = "<group>";
		};
		7B44181829E690A100A88CAB /* Model */ = {
			isa = PBXGroup;
			children = (
				7B44181029E686A600A88CAB /* Model.swift */,
			);
			path = Model;
			sourceTree = "<group>";
		};
		E79FC9AB2E210333863448C5 /* Frameworks */ = {
			isa = PBXGroup;
			children = (
				2E70F0797BC77713BD7D5360 /* Pods_Travel.framework */,
			);
			name = Frameworks;
			sourceTree = "<group>";
		};
/* End PBXGroup section */

/* Begin PBXNativeTarget section */
		7B1B1CAB29E6825B0035B442 /* Travel */ = {
			isa = PBXNativeTarget;
			buildConfigurationList = 7B1B1CC029E6825D0035B442 /* Build configuration list for PBXNativeTarget "Travel" */;
			buildPhases = (
				14D2D5A6DF8F16D34DF0E6A5 /* [CP] Check Pods Manifest.lock */,
				7B1B1CA829E6825B0035B442 /* Sources */,
				7B1B1CA929E6825B0035B442 /* Frameworks */,
				7B1B1CAA29E6825B0035B442 /* Resources */,
			);
			buildRules = (
			);
			dependencies = (
			);
			name = Travel;
			productName = Travel;
			productReference = 7B1B1CAC29E6825B0035B442 /* Travel.app */;
			productType = "com.apple.product-type.application";
		};
/* End PBXNativeTarget section */

/* Begin PBXProject section */
		7B1B1CA429E6825B0035B442 /* Project object */ = {
			isa = PBXProject;
			attributes = {
				BuildIndependentTargetsInParallel = 1;
				LastSwiftUpdateCheck = 1410;
				LastUpgradeCheck = 1410;
				TargetAttributes = {
					7B1B1CAB29E6825B0035B442 = {
						CreatedOnToolsVersion = 14.1;
					};
				};
			};
			buildConfigurationList = 7B1B1CA729E6825B0035B442 /* Build configuration list for PBXProject "Travel" */;
			compatibilityVersion = "Xcode 14.0";
			developmentRegion = en;
			hasScannedForEncodings = 0;
			knownRegions = (
				en,
				Base,
			);
			mainGroup = 7B1B1CA329E6825B0035B442;
			productRefGroup = 7B1B1CAD29E6825B0035B442 /* Products */;
			projectDirPath = "";
			projectRoot = "";
			targets = (
				7B1B1CAB29E6825B0035B442 /* Travel */,
			);
		};
/* End PBXProject section */

/* Begin PBXResourcesBuildPhase section */
		7B1B1CAA29E6825B0035B442 /* Resources */ = {
			isa = PBXResourcesBuildPhase;
			buildActionMask = 2147483647;
			files = (
				7B1B1CBC29E6825D0035B442 /* LaunchScreen.storyboard in Resources */,
				7B1B1CB929E6825D0035B442 /* Assets.xcassets in Resources */,
				7B1B1CB729E6825B0035B442 /* Main.storyboard in Resources */,
			);
			runOnlyForDeploymentPostprocessing = 0;
		};
/* End PBXResourcesBuildPhase section */

/* Begin PBXShellScriptBuildPhase section */
		14D2D5A6DF8F16D34DF0E6A5 /* [CP] Check Pods Manifest.lock */ = {
			isa = PBXShellScriptBuildPhase;
			buildActionMask = 2147483647;
			files = (
			);
			inputFileListPaths = (
			);
			inputPaths = (
				"${PODS_PODFILE_DIR_PATH}/Podfile.lock",
				"${PODS_ROOT}/Manifest.lock",
			);
			name = "[CP] Check Pods Manifest.lock";
			outputFileListPaths = (
			);
			outputPaths = (
				"$(DERIVED_FILE_DIR)/Pods-Travel-checkManifestLockResult.txt",
			);
			runOnlyForDeploymentPostprocessing = 0;
			shellPath = /bin/sh;
			shellScript = "diff \"${PODS_PODFILE_DIR_PATH}/Podfile.lock\" \"${PODS_ROOT}/Manifest.lock\" > /dev/null\nif [ $? != 0 ] ; then\n    # print error to STDERR\n    echo \"error: The sandbox is not in sync with the Podfile.lock. Run 'pod install' or update your CocoaPods installation.\" >&2\n    exit 1\nfi\n# This output is used by Xcode 'outputs' to avoid re-running this script phase.\necho \"SUCCESS\" > \"${SCRIPT_OUTPUT_FILE_0}\"\n";
			showEnvVarsInLog = 0;
		};
/* End PBXShellScriptBuildPhase section */

/* Begin PBXSourcesBuildPhase section */
		7B1B1CA829E6825B0035B442 /* Sources */ = {
			isa = PBXSourcesBuildPhase;
			buildActionMask = 2147483647;
			files = (
				7B1B1CB429E6825B0035B442 /* LoginViewController.swift in Sources */,
				7B1B1CB029E6825B0035B442 /* AppDelegate.swift in Sources */,
				7B44181529E6892500A88CAB /* ProfileViewController.swift in Sources */,
				7B1B1CB229E6825B0035B442 /* SceneDelegate.swift in Sources */,
				7B44181129E686A600A88CAB /* Model.swift in Sources */,
			);
			runOnlyForDeploymentPostprocessing = 0;
		};
/* End PBXSourcesBuildPhase section */

/* Begin PBXVariantGroup section */
		7B1B1CB529E6825B0035B442 /* Main.storyboard */ = {
			isa = PBXVariantGroup;
			children = (
				7B1B1CB629E6825B0035B442 /* Base */,
			);
			name = Main.storyboard;
			sourceTree = "<group>";
		};
		7B1B1CBA29E6825D0035B442 /* LaunchScreen.storyboard */ = {
			isa = PBXVariantGroup;
			children = (
				7B1B1CBB29E6825D0035B442 /* Base */,
			);
			name = LaunchScreen.storyboard;
			sourceTree = "<group>";
		};
/* End PBXVariantGroup section */

/* Begin XCBuildConfiguration section */
		7B1B1CBE29E6825D0035B442 /* Debug */ = {
			isa = XCBuildConfiguration;
			buildSettings = {
				ALWAYS_SEARCH_USER_PATHS = NO;
				CLANG_ANALYZER_NONNULL = YES;
				CLANG_ANALYZER_NUMBER_OBJECT_CONVERSION = YES_AGGRESSIVE;
				CLANG_CXX_LANGUAGE_STANDARD = "gnu++20";
				CLANG_ENABLE_MODULES = YES;
				CLANG_ENABLE_OBJC_ARC = YES;
				CLANG_ENABLE_OBJC_WEAK = YES;
				CLANG_WARN_BLOCK_CAPTURE_AUTORELEASING = YES;
				CLANG_WARN_BOOL_CONVERSION = YES;
				CLANG_WARN_COMMA = YES;
				CLANG_WARN_CONSTANT_CONVERSION = YES;
				CLANG_WARN_DEPRECATED_OBJC_IMPLEMENTATIONS = YES;
				CLANG_WARN_DIRECT_OBJC_ISA_USAGE = YES_ERROR;
				CLANG_WARN_DOCUMENTATION_COMMENTS = YES;
				CLANG_WARN_EMPTY_BODY = YES;
				CLANG_WARN_ENUM_CONVERSION = YES;
				CLANG_WARN_INFINITE_RECURSION = YES;
				CLANG_WARN_INT_CONVERSION = YES;
				CLANG_WARN_NON_LITERAL_NULL_CONVERSION = YES;
				CLANG_WARN_OBJC_IMPLICIT_RETAIN_SELF = YES;
				CLANG_WARN_OBJC_LITERAL_CONVERSION = YES;
				CLANG_WARN_OBJC_ROOT_CLASS = YES_ERROR;
				CLANG_WARN_QUOTED_INCLUDE_IN_FRAMEWORK_HEADER = YES;
				CLANG_WARN_RANGE_LOOP_ANALYSIS = YES;
				CLANG_WARN_STRICT_PROTOTYPES = YES;
				CLANG_WARN_SUSPICIOUS_MOVE = YES;
				CLANG_WARN_UNGUARDED_AVAILABILITY = YES_AGGRESSIVE;
				CLANG_WARN_UNREACHABLE_CODE = YES;
				CLANG_WARN__DUPLICATE_METHOD_MATCH = YES;
				COPY_PHASE_STRIP = NO;
				DEBUG_INFORMATION_FORMAT = dwarf;
				ENABLE_STRICT_OBJC_MSGSEND = YES;
				ENABLE_TESTABILITY = YES;
				GCC_C_LANGUAGE_STANDARD = gnu11;
				GCC_DYNAMIC_NO_PIC = NO;
				GCC_NO_COMMON_BLOCKS = YES;
				GCC_OPTIMIZATION_LEVEL = 0;
				GCC_PREPROCESSOR_DEFINITIONS = (
					"DEBUG=1",
					"$(inherited)",
				);
				GCC_WARN_64_TO_32_BIT_CONVERSION = YES;
				GCC_WARN_ABOUT_RETURN_TYPE = YES_ERROR;
				GCC_WARN_UNDECLARED_SELECTOR = YES;
				GCC_WARN_UNINITIALIZED_AUTOS = YES_AGGRESSIVE;
				GCC_WARN_UNUSED_FUNCTION = YES;
				GCC_WARN_UNUSED_VARIABLE = YES;
				IPHONEOS_DEPLOYMENT_TARGET = 16.1;
				MTL_ENABLE_DEBUG_INFO = INCLUDE_SOURCE;
				MTL_FAST_MATH = YES;
				ONLY_ACTIVE_ARCH = YES;
				SDKROOT = iphoneos;
				SWIFT_ACTIVE_COMPILATION_CONDITIONS = DEBUG;
				SWIFT_OPTIMIZATION_LEVEL = "-Onone";
			};
			name = Debug;
		};
		7B1B1CBF29E6825D0035B442 /* Release */ = {
			isa = XCBuildConfiguration;
			buildSettings = {
				ALWAYS_SEARCH_USER_PATHS = NO;
				CLANG_ANALYZER_NONNULL = YES;
				CLANG_ANALYZER_NUMBER_OBJECT_CONVERSION = YES_AGGRESSIVE;
				CLANG_CXX_LANGUAGE_STANDARD = "gnu++20";
				CLANG_ENABLE_MODULES = YES;
				CLANG_ENABLE_OBJC_ARC = YES;
				CLANG_ENABLE_OBJC_WEAK = YES;
				CLANG_WARN_BLOCK_CAPTURE_AUTORELEASING = YES;
				CLANG_WARN_BOOL_CONVERSION = YES;
				CLANG_WARN_COMMA = YES;
				CLANG_WARN_CONSTANT_CONVERSION = YES;
				CLANG_WARN_DEPRECATED_OBJC_IMPLEMENTATIONS = YES;
				CLANG_WARN_DIRECT_OBJC_ISA_USAGE = YES_ERROR;
				CLANG_WARN_DOCUMENTATION_COMMENTS = YES;
				CLANG_WARN_EMPTY_BODY = YES;
				CLANG_WARN_ENUM_CONVERSION = YES;
				CLANG_WARN_INFINITE_RECURSION = YES;
				CLANG_WARN_INT_CONVERSION = YES;
				CLANG_WARN_NON_LITERAL_NULL_CONVERSION = YES;
				CLANG_WARN_OBJC_IMPLICIT_RETAIN_SELF = YES;
				CLANG_WARN_OBJC_LITERAL_CONVERSION = YES;
				CLANG_WARN_OBJC_ROOT_CLASS = YES_ERROR;
				CLANG_WARN_QUOTED_INCLUDE_IN_FRAMEWORK_HEADER = YES;
				CLANG_WARN_RANGE_LOOP_ANALYSIS = YES;
				CLANG_WARN_STRICT_PROTOTYPES = YES;
				CLANG_WARN_SUSPICIOUS_MOVE = YES;
				CLANG_WARN_UNGUARDED_AVAILABILITY = YES_AGGRESSIVE;
				CLANG_WARN_UNREACHABLE_CODE = YES;
				CLANG_WARN__DUPLICATE_METHOD_MATCH = YES;
				COPY_PHASE_STRIP = NO;
				DEBUG_INFORMATION_FORMAT = "dwarf-with-dsym";
				ENABLE_NS_ASSERTIONS = NO;
				ENABLE_STRICT_OBJC_MSGSEND = YES;
				GCC_C_LANGUAGE_STANDARD = gnu11;
				GCC_NO_COMMON_BLOCKS = YES;
				GCC_WARN_64_TO_32_BIT_CONVERSION = YES;
				GCC_WARN_ABOUT_RETURN_TYPE = YES_ERROR;
				GCC_WARN_UNDECLARED_SELECTOR = YES;
				GCC_WARN_UNINITIALIZED_AUTOS = YES_AGGRESSIVE;
				GCC_WARN_UNUSED_FUNCTION = YES;
				GCC_WARN_UNUSED_VARIABLE = YES;
				IPHONEOS_DEPLOYMENT_TARGET = 16.1;
				MTL_ENABLE_DEBUG_INFO = NO;
				MTL_FAST_MATH = YES;
				SDKROOT = iphoneos;
				SWIFT_COMPILATION_MODE = wholemodule;
				SWIFT_OPTIMIZATION_LEVEL = "-O";
				VALIDATE_PRODUCT = YES;
			};
			name = Release;
		};
		7B1B1CC129E6825D0035B442 /* Debug */ = {
			isa = XCBuildConfiguration;
			baseConfigurationReference = E911BEF52C2B2A2B9DCEF75C /* Pods-Travel.debug.xcconfig */;
			buildSettings = {
				ASSETCATALOG_COMPILER_APPICON_NAME = AppIcon;
				ASSETCATALOG_COMPILER_GLOBAL_ACCENT_COLOR_NAME = AccentColor;
				CODE_SIGN_STYLE = Automatic;
				CURRENT_PROJECT_VERSION = 1;
				DEVELOPMENT_TEAM = 4F5GSXZUS9;
				GENERATE_INFOPLIST_FILE = YES;
				INFOPLIST_FILE = Travel/Info.plist;
				INFOPLIST_KEY_UIApplicationSupportsIndirectInputEvents = YES;
				INFOPLIST_KEY_UILaunchStoryboardName = LaunchScreen;
				INFOPLIST_KEY_UIMainStoryboardFile = Main;
				INFOPLIST_KEY_UISupportedInterfaceOrientations_iPad = "UIInterfaceOrientationPortrait UIInterfaceOrientationPortraitUpsideDown UIInterfaceOrientationLandscapeLeft UIInterfaceOrientationLandscapeRight";
				INFOPLIST_KEY_UISupportedInterfaceOrientations_iPhone = "UIInterfaceOrientationPortrait UIInterfaceOrientationLandscapeLeft UIInterfaceOrientationLandscapeRight";
				LD_RUNPATH_SEARCH_PATHS = (
					"$(inherited)",
					"@executable_path/Frameworks",
				);
				MARKETING_VERSION = 1.0;
				PRODUCT_BUNDLE_IDENTIFIER = com.test.Travel;
				PRODUCT_NAME = "$(TARGET_NAME)";
				SWIFT_EMIT_LOC_STRINGS = YES;
				SWIFT_VERSION = 5.0;
				TARGETED_DEVICE_FAMILY = "1,2";
			};
			name = Debug;
		};
		7B1B1CC229E6825D0035B442 /* Release */ = {
			isa = XCBuildConfiguration;
			baseConfigurationReference = C24F04C3408939DBB167C48B /* Pods-Travel.release.xcconfig */;
			buildSettings = {
				ASSETCATALOG_COMPILER_APPICON_NAME = AppIcon;
				ASSETCATALOG_COMPILER_GLOBAL_ACCENT_COLOR_NAME = AccentColor;
				CODE_SIGN_STYLE = Automatic;
				CURRENT_PROJECT_VERSION = 1;
				DEVELOPMENT_TEAM = 4F5GSXZUS9;
				GENERATE_INFOPLIST_FILE = YES;
				INFOPLIST_FILE = Travel/Info.plist;
				INFOPLIST_KEY_UIApplicationSupportsIndirectInputEvents = YES;
				INFOPLIST_KEY_UILaunchStoryboardName = LaunchScreen;
				INFOPLIST_KEY_UIMainStoryboardFile = Main;
				INFOPLIST_KEY_UISupportedInterfaceOrientations_iPad = "UIInterfaceOrientationPortrait UIInterfaceOrientationPortraitUpsideDown UIInterfaceOrientationLandscapeLeft UIInterfaceOrientationLandscapeRight";
				INFOPLIST_KEY_UISupportedInterfaceOrientations_iPhone = "UIInterfaceOrientationPortrait UIInterfaceOrientationLandscapeLeft UIInterfaceOrientationLandscapeRight";
				LD_RUNPATH_SEARCH_PATHS = (
					"$(inherited)",
					"@executable_path/Frameworks",
				);
				MARKETING_VERSION = 1.0;
				PRODUCT_BUNDLE_IDENTIFIER = com.test.Travel;
				PRODUCT_NAME = "$(TARGET_NAME)";
				SWIFT_EMIT_LOC_STRINGS = YES;
				SWIFT_VERSION = 5.0;
				TARGETED_DEVICE_FAMILY = "1,2";
			};
			name = Release;
		};
/* End XCBuildConfiguration section */

/* Begin XCConfigurationList section */
		7B1B1CA729E6825B0035B442 /* Build configuration list for PBXProject "Travel" */ = {
			isa = XCConfigurationList;
			buildConfigurations = (
				7B1B1CBE29E6825D0035B442 /* Debug */,
				7B1B1CBF29E6825D0035B442 /* Release */,
			);
			defaultConfigurationIsVisible = 0;
			defaultConfigurationName = Release;
		};
		7B1B1CC029E6825D0035B442 /* Build configuration list for PBXNativeTarget "Travel" */ = {
			isa = XCConfigurationList;
			buildConfigurations = (
				7B1B1CC129E6825D0035B442 /* Debug */,
				7B1B1CC229E6825D0035B442 /* Release */,
			);
			defaultConfigurationIsVisible = 0;
			defaultConfigurationName = Release;
		};
/* End XCConfigurationList section */
	};
	rootObject = 7B1B1CA429E6825B0035B442 /* Project object */;
}
